{
    "_meta": {
        "hash": {
            "sha256": "977d09f28f2d9bb3a5b5bc2c1d2448653d02b407c4ea4ce6375973d4321f88db"
        },
        "pipfile-spec": 6,
        "requires": {
            "python_version": "3.7"
        },
        "sources": [
            {
                "name": "pypi",
                "url": "https://pypi.org/simple",
                "verify_ssl": true
            }
        ]
    },
    "default": {
        "pynmea2": {
            "hashes": [
                "sha256:8b83fa7e3e668af5e182ef1c2fd4a535433ecadf60d7b627280172d695a1646b",
                "sha256:fe786594299588d1bfbd346ece2c2c1e5b24e160dcb740813c34bfa70d0a141d"
            ],
            "index": "pypi",
            "version": "==1.15.0"
        },
        "pyserial": {
            "hashes": [
                "sha256:6e2d401fdee0eab996cf734e67773a0143b932772ca8b42451440cfed942c627",
                "sha256:e0770fadba80c31013896c7e6ef703f72e7834965954a78e71a3049488d4d7d8"
            ],
            "index": "pypi",
            "version": "==3.4"
        }
    },
    "develop": {}
}
